// !$*UTF8*$!
{
	archiveVersion = 1;
	classes = {
	};
	objectVersion = 56;
	objects = {

/* Begin PBXBuildFile section */
		042D1FA12A2FA765009D2573 /* AnimationName.swift in Sources */ = {isa = PBXBuildFile; fileRef = 042D1FA02A2FA765009D2573 /* AnimationName.swift */; };
		042D1FA32A2FAE7D009D2573 /* UIColor+Extension.swift in Sources */ = {isa = PBXBuildFile; fileRef = 042D1FA22A2FAE7D009D2573 /* UIColor+Extension.swift */; };
		0B3CE82B2A312CC800D6305F /* LoginPageViewController.swift in Sources */ = {isa = PBXBuildFile; fileRef = 0B3CE82A2A312CC800D6305F /* LoginPageViewController.swift */; };
		467B96F82A30AB700012AB04 /* RegistrationViewController.swift in Sources */ = {isa = PBXBuildFile; fileRef = 467B96F72A30AB700012AB04 /* RegistrationViewController.swift */; };
		467B96FB2A30ABB10012AB04 /* User.swift in Sources */ = {isa = PBXBuildFile; fileRef = 467B96FA2A30ABB10012AB04 /* User.swift */; };
		467B97032A30F8610012AB04 /* button-loader-white.json in Resources */ = {isa = PBXBuildFile; fileRef = 467B96FE2A30F8610012AB04 /* button-loader-white.json */; };
		467B97042A30F8610012AB04 /* Button.swift in Sources */ = {isa = PBXBuildFile; fileRef = 467B96FF2A30F8610012AB04 /* Button.swift */; };
		467B97052A30F8610012AB04 /* AlertToast.swift in Sources */ = {isa = PBXBuildFile; fileRef = 467B97012A30F8610012AB04 /* AlertToast.swift */; };
		467B97062A30F8610012AB04 /* AlertType.swift in Sources */ = {isa = PBXBuildFile; fileRef = 467B97022A30F8610012AB04 /* AlertType.swift */; };
		5F1411392A2E59910073B0F1 /* OTPViewController.swift in Sources */ = {isa = PBXBuildFile; fileRef = 5F1411372A2E59910073B0F1 /* OTPViewController.swift */; };
		5FD8BC4F2A2E75530038D2BE /* PasscodeView.swift in Sources */ = {isa = PBXBuildFile; fileRef = 5FD8BC4E2A2E75530038D2BE /* PasscodeView.swift */; };
		5FD8BC512A2E79030038D2BE /* PasscodeBoxView.swift in Sources */ = {isa = PBXBuildFile; fileRef = 5FD8BC502A2E79030038D2BE /* PasscodeBoxView.swift */; };
		5FD8BC532A2F81D70038D2BE /* CountdownView.swift in Sources */ = {isa = PBXBuildFile; fileRef = 5FD8BC522A2F81D70038D2BE /* CountdownView.swift */; };
		809A35A9CD04CE147A4F0B6F /* Pods_Chirp.framework in Frameworks */ = {isa = PBXBuildFile; fileRef = DB6EC265D6F867AC01E03BB0 /* Pods_Chirp.framework */; };
		E56C731F2A2D216D00532B3D /* AppDelegate.swift in Sources */ = {isa = PBXBuildFile; fileRef = E56C731E2A2D216D00532B3D /* AppDelegate.swift */; };
		E56C73212A2D216D00532B3D /* SceneDelegate.swift in Sources */ = {isa = PBXBuildFile; fileRef = E56C73202A2D216D00532B3D /* SceneDelegate.swift */; };
		E56C73282A2D216F00532B3D /* Assets.xcassets in Resources */ = {isa = PBXBuildFile; fileRef = E56C73272A2D216F00532B3D /* Assets.xcassets */; };
		E56C732B2A2D216F00532B3D /* LaunchScreen.storyboard in Resources */ = {isa = PBXBuildFile; fileRef = E56C73292A2D216F00532B3D /* LaunchScreen.storyboard */; };
		E5AC47E72A306AFD0055C83A /* UIImage+Extension.swift in Sources */ = {isa = PBXBuildFile; fileRef = E5AC47E62A306AFD0055C83A /* UIImage+Extension.swift */; };
		EEB1A4912A312A5500F6899D /* HomeTabBarController.swift in Sources */ = {isa = PBXBuildFile; fileRef = EEB1A4902A312A5500F6899D /* HomeTabBarController.swift */; };
/* End PBXBuildFile section */

/* Begin PBXFileReference section */
		042D1FA02A2FA765009D2573 /* AnimationName.swift */ = {isa = PBXFileReference; lastKnownFileType = sourcecode.swift; path = AnimationName.swift; sourceTree = "<group>"; };
		042D1FA22A2FAE7D009D2573 /* UIColor+Extension.swift */ = {isa = PBXFileReference; lastKnownFileType = sourcecode.swift; path = "UIColor+Extension.swift"; sourceTree = "<group>"; };
		0B3CE82A2A312CC800D6305F /* LoginPageViewController.swift */ = {isa = PBXFileReference; lastKnownFileType = sourcecode.swift; path = LoginPageViewController.swift; sourceTree = "<group>"; };
		467B96F72A30AB700012AB04 /* RegistrationViewController.swift */ = {isa = PBXFileReference; lastKnownFileType = sourcecode.swift; path = RegistrationViewController.swift; sourceTree = "<group>"; };
		467B96FA2A30ABB10012AB04 /* User.swift */ = {isa = PBXFileReference; lastKnownFileType = sourcecode.swift; path = User.swift; sourceTree = "<group>"; };
		467B96FE2A30F8610012AB04 /* button-loader-white.json */ = {isa = PBXFileReference; fileEncoding = 4; lastKnownFileType = text.json; path = "button-loader-white.json"; sourceTree = "<group>"; };
		467B96FF2A30F8610012AB04 /* Button.swift */ = {isa = PBXFileReference; fileEncoding = 4; lastKnownFileType = sourcecode.swift; path = Button.swift; sourceTree = "<group>"; };
		467B97012A30F8610012AB04 /* AlertToast.swift */ = {isa = PBXFileReference; fileEncoding = 4; lastKnownFileType = sourcecode.swift; path = AlertToast.swift; sourceTree = "<group>"; };
		467B97022A30F8610012AB04 /* AlertType.swift */ = {isa = PBXFileReference; fileEncoding = 4; lastKnownFileType = sourcecode.swift; path = AlertType.swift; sourceTree = "<group>"; };
		529183B6341C55015C9D160F /* Pods-Chirp.debug.xcconfig */ = {isa = PBXFileReference; includeInIndex = 1; lastKnownFileType = text.xcconfig; name = "Pods-Chirp.debug.xcconfig"; path = "Target Support Files/Pods-Chirp/Pods-Chirp.debug.xcconfig"; sourceTree = "<group>"; };
		5F1411372A2E59910073B0F1 /* OTPViewController.swift */ = {isa = PBXFileReference; lastKnownFileType = sourcecode.swift; path = OTPViewController.swift; sourceTree = "<group>"; };
		5FD8BC4E2A2E75530038D2BE /* PasscodeView.swift */ = {isa = PBXFileReference; lastKnownFileType = sourcecode.swift; path = PasscodeView.swift; sourceTree = "<group>"; };
		5FD8BC502A2E79030038D2BE /* PasscodeBoxView.swift */ = {isa = PBXFileReference; lastKnownFileType = sourcecode.swift; path = PasscodeBoxView.swift; sourceTree = "<group>"; };
		5FD8BC522A2F81D70038D2BE /* CountdownView.swift */ = {isa = PBXFileReference; lastKnownFileType = sourcecode.swift; path = CountdownView.swift; sourceTree = "<group>"; };
		B739D4B4B8974D1601276D8A /* Pods-Chirp.release.xcconfig */ = {isa = PBXFileReference; includeInIndex = 1; lastKnownFileType = text.xcconfig; name = "Pods-Chirp.release.xcconfig"; path = "Target Support Files/Pods-Chirp/Pods-Chirp.release.xcconfig"; sourceTree = "<group>"; };
		DB6EC265D6F867AC01E03BB0 /* Pods_Chirp.framework */ = {isa = PBXFileReference; explicitFileType = wrapper.framework; includeInIndex = 0; path = Pods_Chirp.framework; sourceTree = BUILT_PRODUCTS_DIR; };
		E56C731B2A2D216D00532B3D /* Chirp.app */ = {isa = PBXFileReference; explicitFileType = wrapper.application; includeInIndex = 0; path = Chirp.app; sourceTree = BUILT_PRODUCTS_DIR; };
		E56C731E2A2D216D00532B3D /* AppDelegate.swift */ = {isa = PBXFileReference; lastKnownFileType = sourcecode.swift; path = AppDelegate.swift; sourceTree = "<group>"; };
		E56C73202A2D216D00532B3D /* SceneDelegate.swift */ = {isa = PBXFileReference; lastKnownFileType = sourcecode.swift; path = SceneDelegate.swift; sourceTree = "<group>"; };
		E56C73272A2D216F00532B3D /* Assets.xcassets */ = {isa = PBXFileReference; lastKnownFileType = folder.assetcatalog; path = Assets.xcassets; sourceTree = "<group>"; };
		E56C732A2A2D216F00532B3D /* Base */ = {isa = PBXFileReference; lastKnownFileType = file.storyboard; name = Base; path = Base.lproj/LaunchScreen.storyboard; sourceTree = "<group>"; };
		E56C732C2A2D216F00532B3D /* Info.plist */ = {isa = PBXFileReference; lastKnownFileType = text.plist.xml; path = Info.plist; sourceTree = "<group>"; };
		E5AC47E62A306AFD0055C83A /* UIImage+Extension.swift */ = {isa = PBXFileReference; lastKnownFileType = sourcecode.swift; path = "UIImage+Extension.swift"; sourceTree = "<group>"; };
		EEB1A4902A312A5500F6899D /* HomeTabBarController.swift */ = {isa = PBXFileReference; lastKnownFileType = sourcecode.swift; path = HomeTabBarController.swift; sourceTree = "<group>"; };
/* End PBXFileReference section */

/* Begin PBXFrameworksBuildPhase section */
		E56C73182A2D216D00532B3D /* Frameworks */ = {
			isa = PBXFrameworksBuildPhase;
			buildActionMask = 2147483647;
			files = (
				809A35A9CD04CE147A4F0B6F /* Pods_Chirp.framework in Frameworks */,
			);
			runOnlyForDeploymentPostprocessing = 0;
		};
/* End PBXFrameworksBuildPhase section */

/* Begin PBXGroup section */
		0B3CE8292A312CB400D6305F /* LoginPage */ = {
			isa = PBXGroup;
			children = (
				0B3CE82A2A312CC800D6305F /* LoginPageViewController.swift */,
			);
			path = LoginPage;
			sourceTree = "<group>";
		};
		467B96F52A30AB150012AB04 /* Pages */ = {
			isa = PBXGroup;
			children = (
				0B3CE8292A312CB400D6305F /* LoginPage */,
				467B96F62A30AB480012AB04 /* RegistrationPage */,
				5F1411362A2E58C50073B0F1 /* OTP Components */,
				EEB1A4902A312A5500F6899D /* HomeTabBarController.swift */,
			);
			path = Pages;
			sourceTree = "<group>";
		};
		467B96F62A30AB480012AB04 /* RegistrationPage */ = {
			isa = PBXGroup;
			children = (
				467B96F72A30AB700012AB04 /* RegistrationViewController.swift */,
			);
			path = RegistrationPage;
			sourceTree = "<group>";
		};
		467B96F92A30AB9E0012AB04 /* Model */ = {
			isa = PBXGroup;
			children = (
				467B96FA2A30ABB10012AB04 /* User.swift */,
			);
			path = Model;
			sourceTree = "<group>";
		};
		467B96FC2A30F8610012AB04 /* Components */ = {
			isa = PBXGroup;
			children = (
				467B96FD2A30F8610012AB04 /* Button */,
				467B97002A30F8610012AB04 /* AlertToast */,
			);
			path = Components;
			sourceTree = "<group>";
		};
		467B96FD2A30F8610012AB04 /* Button */ = {
			isa = PBXGroup;
			children = (
				467B96FE2A30F8610012AB04 /* button-loader-white.json */,
				467B96FF2A30F8610012AB04 /* Button.swift */,
			);
			path = Button;
			sourceTree = "<group>";
		};
		467B97002A30F8610012AB04 /* AlertToast */ = {
			isa = PBXGroup;
			children = (
				467B97012A30F8610012AB04 /* AlertToast.swift */,
				467B97022A30F8610012AB04 /* AlertType.swift */,
			);
			path = AlertToast;
			sourceTree = "<group>";
		};
		5F1411362A2E58C50073B0F1 /* OTP Components */ = {
			isa = PBXGroup;
			children = (
				5FD8BC4E2A2E75530038D2BE /* PasscodeView.swift */,
				5FD8BC502A2E79030038D2BE /* PasscodeBoxView.swift */,
				5FD8BC522A2F81D70038D2BE /* CountdownView.swift */,
				5F1411372A2E59910073B0F1 /* OTPViewController.swift */,
			);
			path = "OTP Components";
			sourceTree = "<group>";
		};
		8F9E9B659D2909F0BC07190E /* Frameworks */ = {
			isa = PBXGroup;
			children = (
				DB6EC265D6F867AC01E03BB0 /* Pods_Chirp.framework */,
			);
			name = Frameworks;
			sourceTree = "<group>";
		};
		90E17B7A57099B4B72815CAB /* Pods */ = {
			isa = PBXGroup;
			children = (
				529183B6341C55015C9D160F /* Pods-Chirp.debug.xcconfig */,
				B739D4B4B8974D1601276D8A /* Pods-Chirp.release.xcconfig */,
			);
			path = Pods;
			sourceTree = "<group>";
		};
		E56C73122A2D216D00532B3D = {
			isa = PBXGroup;
			children = (
				E56C731D2A2D216D00532B3D /* Chirp */,
				E56C731C2A2D216D00532B3D /* Products */,
				90E17B7A57099B4B72815CAB /* Pods */,
				8F9E9B659D2909F0BC07190E /* Frameworks */,
			);
			sourceTree = "<group>";
		};
		E56C731C2A2D216D00532B3D /* Products */ = {
			isa = PBXGroup;
			children = (
				E56C731B2A2D216D00532B3D /* Chirp.app */,
			);
			name = Products;
			sourceTree = "<group>";
		};
		E56C731D2A2D216D00532B3D /* Chirp */ = {
			isa = PBXGroup;
			children = (
				467B96F92A30AB9E0012AB04 /* Model */,
				467B96F52A30AB150012AB04 /* Pages */,
				E5AC47DF2A305C270055C83A /* Extensions */,
				467B96FC2A30F8610012AB04 /* Components */,
				E56C731E2A2D216D00532B3D /* AppDelegate.swift */,
				E56C73202A2D216D00532B3D /* SceneDelegate.swift */,
				E56C73272A2D216F00532B3D /* Assets.xcassets */,
				E56C73292A2D216F00532B3D /* LaunchScreen.storyboard */,
				E56C732C2A2D216F00532B3D /* Info.plist */,
			);
			path = Chirp;
			sourceTree = "<group>";
		};
		E5AC47DF2A305C270055C83A /* Extensions */ = {
			isa = PBXGroup;
			children = (
				042D1FA02A2FA765009D2573 /* AnimationName.swift */,
				042D1FA22A2FAE7D009D2573 /* UIColor+Extension.swift */,
				E5AC47E62A306AFD0055C83A /* UIImage+Extension.swift */,
			);
			path = Extensions;
			sourceTree = "<group>";
		};
/* End PBXGroup section */

/* Begin PBXNativeTarget section */
		E56C731A2A2D216D00532B3D /* Chirp */ = {
			isa = PBXNativeTarget;
			buildConfigurationList = E56C732F2A2D216F00532B3D /* Build configuration list for PBXNativeTarget "Chirp" */;
			buildPhases = (
				DA3FE11A1A2330E5AF78E3EC /* [CP] Check Pods Manifest.lock */,
				E56C73172A2D216D00532B3D /* Sources */,
				E56C73182A2D216D00532B3D /* Frameworks */,
				E56C73192A2D216D00532B3D /* Resources */,
				78C1D73E424A20DDCFD937FE /* [CP] Embed Pods Frameworks */,
			);
			buildRules = (
			);
			dependencies = (
			);
			name = Chirp;
			productName = Chirp;
			productReference = E56C731B2A2D216D00532B3D /* Chirp.app */;
			productType = "com.apple.product-type.application";
		};
/* End PBXNativeTarget section */

/* Begin PBXProject section */
		E56C73132A2D216D00532B3D /* Project object */ = {
			isa = PBXProject;
			attributes = {
				BuildIndependentTargetsInParallel = 1;
				LastSwiftUpdateCheck = 1410;
				LastUpgradeCheck = 1410;
				TargetAttributes = {
					E56C731A2A2D216D00532B3D = {
						CreatedOnToolsVersion = 14.1;
					};
				};
			};
			buildConfigurationList = E56C73162A2D216D00532B3D /* Build configuration list for PBXProject "Chirp" */;
			compatibilityVersion = "Xcode 14.0";
			developmentRegion = en;
			hasScannedForEncodings = 0;
			knownRegions = (
				en,
				Base,
			);
			mainGroup = E56C73122A2D216D00532B3D;
			productRefGroup = E56C731C2A2D216D00532B3D /* Products */;
			projectDirPath = "";
			projectRoot = "";
			targets = (
				E56C731A2A2D216D00532B3D /* Chirp */,
			);
		};
/* End PBXProject section */

/* Begin PBXResourcesBuildPhase section */
		E56C73192A2D216D00532B3D /* Resources */ = {
			isa = PBXResourcesBuildPhase;
			buildActionMask = 2147483647;
			files = (
				E56C732B2A2D216F00532B3D /* LaunchScreen.storyboard in Resources */,
				E56C73282A2D216F00532B3D /* Assets.xcassets in Resources */,
				467B97032A30F8610012AB04 /* button-loader-white.json in Resources */,
			);
			runOnlyForDeploymentPostprocessing = 0;
		};
/* End PBXResourcesBuildPhase section */

/* Begin PBXShellScriptBuildPhase section */
		78C1D73E424A20DDCFD937FE /* [CP] Embed Pods Frameworks */ = {
			isa = PBXShellScriptBuildPhase;
			buildActionMask = 2147483647;
			files = (
			);
			inputFileListPaths = (
				"${PODS_ROOT}/Target Support Files/Pods-Chirp/Pods-Chirp-frameworks-${CONFIGURATION}-input-files.xcfilelist",
			);
			name = "[CP] Embed Pods Frameworks";
			outputFileListPaths = (
				"${PODS_ROOT}/Target Support Files/Pods-Chirp/Pods-Chirp-frameworks-${CONFIGURATION}-output-files.xcfilelist",
			);
			runOnlyForDeploymentPostprocessing = 0;
			shellPath = /bin/sh;
			shellScript = "\"${PODS_ROOT}/Target Support Files/Pods-Chirp/Pods-Chirp-frameworks.sh\"\n";
			showEnvVarsInLog = 0;
		};
		DA3FE11A1A2330E5AF78E3EC /* [CP] Check Pods Manifest.lock */ = {
			isa = PBXShellScriptBuildPhase;
			buildActionMask = 2147483647;
			files = (
			);
			inputFileListPaths = (
			);
			inputPaths = (
				"${PODS_PODFILE_DIR_PATH}/Podfile.lock",
				"${PODS_ROOT}/Manifest.lock",
			);
			name = "[CP] Check Pods Manifest.lock";
			outputFileListPaths = (
			);
			outputPaths = (
				"$(DERIVED_FILE_DIR)/Pods-Chirp-checkManifestLockResult.txt",
			);
			runOnlyForDeploymentPostprocessing = 0;
			shellPath = /bin/sh;
			shellScript = "diff \"${PODS_PODFILE_DIR_PATH}/Podfile.lock\" \"${PODS_ROOT}/Manifest.lock\" > /dev/null\nif [ $? != 0 ] ; then\n    # print error to STDERR\n    echo \"error: The sandbox is not in sync with the Podfile.lock. Run 'pod install' or update your CocoaPods installation.\" >&2\n    exit 1\nfi\n# This output is used by Xcode 'outputs' to avoid re-running this script phase.\necho \"SUCCESS\" > \"${SCRIPT_OUTPUT_FILE_0}\"\n";
			showEnvVarsInLog = 0;
		};
/* End PBXShellScriptBuildPhase section */

/* Begin PBXSourcesBuildPhase section */
		E56C73172A2D216D00532B3D /* Sources */ = {
			isa = PBXSourcesBuildPhase;
			buildActionMask = 2147483647;
			files = (
				042D1FA12A2FA765009D2573 /* AnimationName.swift in Sources */,
				5FD8BC512A2E79030038D2BE /* PasscodeBoxView.swift in Sources */,
				5F1411392A2E59910073B0F1 /* OTPViewController.swift in Sources */,
				E5AC47E72A306AFD0055C83A /* UIImage+Extension.swift in Sources */,
				467B96F82A30AB700012AB04 /* RegistrationViewController.swift in Sources */,
				042D1FA32A2FAE7D009D2573 /* UIColor+Extension.swift in Sources */,
				5FD8BC512A2E79030038D2BE /* PasscodeBoxView.swift in Sources */,
				5F1411392A2E59910073B0F1 /* OTPViewController.swift in Sources */,
				E5AC47E72A306AFD0055C83A /* UIImage+Extension.swift in Sources */,
				467B96F82A30AB700012AB04 /* RegistrationViewController.swift in Sources */,
				467B97052A30F8610012AB04 /* AlertToast.swift in Sources */,
				0B3CE82B2A312CC800D6305F /* LoginPageViewController.swift in Sources */,
				042D1FA32A2FAE7D009D2573 /* UIColor+Extension.swift in Sources */,
				5FD8BC532A2F81D70038D2BE /* CountdownView.swift in Sources */,
				5FD8BC4F2A2E75530038D2BE /* PasscodeView.swift in Sources */,
				E56C731F2A2D216D00532B3D /* AppDelegate.swift in Sources */,
				EEB1A4912A312A5500F6899D /* HomeTabBarController.swift in Sources */,
				467B97062A30F8610012AB04 /* AlertType.swift in Sources */,
				E56C73212A2D216D00532B3D /* SceneDelegate.swift in Sources */,
				467B97042A30F8610012AB04 /* Button.swift in Sources */,
				467B96FB2A30ABB10012AB04 /* User.swift in Sources */,
			);
			runOnlyForDeploymentPostprocessing = 0;
		};
/* End PBXSourcesBuildPhase section */

/* Begin PBXVariantGroup section */
		E56C73292A2D216F00532B3D /* LaunchScreen.storyboard */ = {
			isa = PBXVariantGroup;
			children = (
				E56C732A2A2D216F00532B3D /* Base */,
			);
			name = LaunchScreen.storyboard;
			sourceTree = "<group>";
		};
/* End PBXVariantGroup section */

/* Begin XCBuildConfiguration section */
		E56C732D2A2D216F00532B3D /* Debug */ = {
			isa = XCBuildConfiguration;
			buildSettings = {
				ALWAYS_SEARCH_USER_PATHS = NO;
				CLANG_ANALYZER_NONNULL = YES;
				CLANG_ANALYZER_NUMBER_OBJECT_CONVERSION = YES_AGGRESSIVE;
				CLANG_CXX_LANGUAGE_STANDARD = "gnu++20";
				CLANG_ENABLE_MODULES = YES;
				CLANG_ENABLE_OBJC_ARC = YES;
				CLANG_ENABLE_OBJC_WEAK = YES;
				CLANG_WARN_BLOCK_CAPTURE_AUTORELEASING = YES;
				CLANG_WARN_BOOL_CONVERSION = YES;
				CLANG_WARN_COMMA = YES;
				CLANG_WARN_CONSTANT_CONVERSION = YES;
				CLANG_WARN_DEPRECATED_OBJC_IMPLEMENTATIONS = YES;
				CLANG_WARN_DIRECT_OBJC_ISA_USAGE = YES_ERROR;
				CLANG_WARN_DOCUMENTATION_COMMENTS = YES;
				CLANG_WARN_EMPTY_BODY = YES;
				CLANG_WARN_ENUM_CONVERSION = YES;
				CLANG_WARN_INFINITE_RECURSION = YES;
				CLANG_WARN_INT_CONVERSION = YES;
				CLANG_WARN_NON_LITERAL_NULL_CONVERSION = YES;
				CLANG_WARN_OBJC_IMPLICIT_RETAIN_SELF = YES;
				CLANG_WARN_OBJC_LITERAL_CONVERSION = YES;
				CLANG_WARN_OBJC_ROOT_CLASS = YES_ERROR;
				CLANG_WARN_QUOTED_INCLUDE_IN_FRAMEWORK_HEADER = YES;
				CLANG_WARN_RANGE_LOOP_ANALYSIS = YES;
				CLANG_WARN_STRICT_PROTOTYPES = YES;
				CLANG_WARN_SUSPICIOUS_MOVE = YES;
				CLANG_WARN_UNGUARDED_AVAILABILITY = YES_AGGRESSIVE;
				CLANG_WARN_UNREACHABLE_CODE = YES;
				CLANG_WARN__DUPLICATE_METHOD_MATCH = YES;
				COPY_PHASE_STRIP = NO;
				DEBUG_INFORMATION_FORMAT = dwarf;
				ENABLE_STRICT_OBJC_MSGSEND = YES;
				ENABLE_TESTABILITY = YES;
				GCC_C_LANGUAGE_STANDARD = gnu11;
				GCC_DYNAMIC_NO_PIC = NO;
				GCC_NO_COMMON_BLOCKS = YES;
				GCC_OPTIMIZATION_LEVEL = 0;
				GCC_PREPROCESSOR_DEFINITIONS = (
					"DEBUG=1",
					"$(inherited)",
				);
				GCC_WARN_64_TO_32_BIT_CONVERSION = YES;
				GCC_WARN_ABOUT_RETURN_TYPE = YES_ERROR;
				GCC_WARN_UNDECLARED_SELECTOR = YES;
				GCC_WARN_UNINITIALIZED_AUTOS = YES_AGGRESSIVE;
				GCC_WARN_UNUSED_FUNCTION = YES;
				GCC_WARN_UNUSED_VARIABLE = YES;
				IPHONEOS_DEPLOYMENT_TARGET = 13.0;
				MTL_ENABLE_DEBUG_INFO = INCLUDE_SOURCE;
				MTL_FAST_MATH = YES;
				ONLY_ACTIVE_ARCH = YES;
				SDKROOT = iphoneos;
				SWIFT_ACTIVE_COMPILATION_CONDITIONS = DEBUG;
				SWIFT_OPTIMIZATION_LEVEL = "-Onone";
			};
			name = Debug;
		};
		E56C732E2A2D216F00532B3D /* Release */ = {
			isa = XCBuildConfiguration;
			buildSettings = {
				ALWAYS_SEARCH_USER_PATHS = NO;
				CLANG_ANALYZER_NONNULL = YES;
				CLANG_ANALYZER_NUMBER_OBJECT_CONVERSION = YES_AGGRESSIVE;
				CLANG_CXX_LANGUAGE_STANDARD = "gnu++20";
				CLANG_ENABLE_MODULES = YES;
				CLANG_ENABLE_OBJC_ARC = YES;
				CLANG_ENABLE_OBJC_WEAK = YES;
				CLANG_WARN_BLOCK_CAPTURE_AUTORELEASING = YES;
				CLANG_WARN_BOOL_CONVERSION = YES;
				CLANG_WARN_COMMA = YES;
				CLANG_WARN_CONSTANT_CONVERSION = YES;
				CLANG_WARN_DEPRECATED_OBJC_IMPLEMENTATIONS = YES;
				CLANG_WARN_DIRECT_OBJC_ISA_USAGE = YES_ERROR;
				CLANG_WARN_DOCUMENTATION_COMMENTS = YES;
				CLANG_WARN_EMPTY_BODY = YES;
				CLANG_WARN_ENUM_CONVERSION = YES;
				CLANG_WARN_INFINITE_RECURSION = YES;
				CLANG_WARN_INT_CONVERSION = YES;
				CLANG_WARN_NON_LITERAL_NULL_CONVERSION = YES;
				CLANG_WARN_OBJC_IMPLICIT_RETAIN_SELF = YES;
				CLANG_WARN_OBJC_LITERAL_CONVERSION = YES;
				CLANG_WARN_OBJC_ROOT_CLASS = YES_ERROR;
				CLANG_WARN_QUOTED_INCLUDE_IN_FRAMEWORK_HEADER = YES;
				CLANG_WARN_RANGE_LOOP_ANALYSIS = YES;
				CLANG_WARN_STRICT_PROTOTYPES = YES;
				CLANG_WARN_SUSPICIOUS_MOVE = YES;
				CLANG_WARN_UNGUARDED_AVAILABILITY = YES_AGGRESSIVE;
				CLANG_WARN_UNREACHABLE_CODE = YES;
				CLANG_WARN__DUPLICATE_METHOD_MATCH = YES;
				COPY_PHASE_STRIP = NO;
				DEBUG_INFORMATION_FORMAT = "dwarf-with-dsym";
				ENABLE_NS_ASSERTIONS = NO;
				ENABLE_STRICT_OBJC_MSGSEND = YES;
				GCC_C_LANGUAGE_STANDARD = gnu11;
				GCC_NO_COMMON_BLOCKS = YES;
				GCC_WARN_64_TO_32_BIT_CONVERSION = YES;
				GCC_WARN_ABOUT_RETURN_TYPE = YES_ERROR;
				GCC_WARN_UNDECLARED_SELECTOR = YES;
				GCC_WARN_UNINITIALIZED_AUTOS = YES_AGGRESSIVE;
				GCC_WARN_UNUSED_FUNCTION = YES;
				GCC_WARN_UNUSED_VARIABLE = YES;
				IPHONEOS_DEPLOYMENT_TARGET = 13.0;
				MTL_ENABLE_DEBUG_INFO = NO;
				MTL_FAST_MATH = YES;
				SDKROOT = iphoneos;
				SWIFT_COMPILATION_MODE = wholemodule;
				SWIFT_OPTIMIZATION_LEVEL = "-O";
				VALIDATE_PRODUCT = YES;
			};
			name = Release;
		};
		E56C73302A2D216F00532B3D /* Debug */ = {
			isa = XCBuildConfiguration;
			baseConfigurationReference = 529183B6341C55015C9D160F /* Pods-Chirp.debug.xcconfig */;
			buildSettings = {
				ASSETCATALOG_COMPILER_APPICON_NAME = AppIcon;
				ASSETCATALOG_COMPILER_GLOBAL_ACCENT_COLOR_NAME = AccentColor;
				CODE_SIGN_STYLE = Automatic;
				CURRENT_PROJECT_VERSION = 1;
				DEVELOPMENT_TEAM = RT459C64W3;
				GENERATE_INFOPLIST_FILE = YES;
				INFOPLIST_FILE = Chirp/Info.plist;
				INFOPLIST_KEY_UIApplicationSupportsIndirectInputEvents = YES;
				INFOPLIST_KEY_UILaunchStoryboardName = LaunchScreen.storyboard;
				INFOPLIST_KEY_UISupportedInterfaceOrientations_iPad = "UIInterfaceOrientationPortrait UIInterfaceOrientationPortraitUpsideDown UIInterfaceOrientationLandscapeLeft UIInterfaceOrientationLandscapeRight";
				INFOPLIST_KEY_UISupportedInterfaceOrientations_iPhone = "UIInterfaceOrientationPortrait UIInterfaceOrientationLandscapeLeft UIInterfaceOrientationLandscapeRight";
				IPHONEOS_DEPLOYMENT_TARGET = 13.0;
				LD_RUNPATH_SEARCH_PATHS = (
					"$(inherited)",
					"@executable_path/Frameworks",
				);
				MARKETING_VERSION = 1.0;
				PRODUCT_BUNDLE_IDENTIFIER = com.macco.Chirp;
				PRODUCT_NAME = "$(TARGET_NAME)";
				SWIFT_EMIT_LOC_STRINGS = YES;
				SWIFT_VERSION = 5.0;
				TARGETED_DEVICE_FAMILY = "1,2";
			};
			name = Debug;
		};
		E56C73312A2D216F00532B3D /* Release */ = {
			isa = XCBuildConfiguration;
			baseConfigurationReference = B739D4B4B8974D1601276D8A /* Pods-Chirp.release.xcconfig */;
			buildSettings = {
				ASSETCATALOG_COMPILER_APPICON_NAME = AppIcon;
				ASSETCATALOG_COMPILER_GLOBAL_ACCENT_COLOR_NAME = AccentColor;
				CODE_SIGN_STYLE = Automatic;
				CURRENT_PROJECT_VERSION = 1;
				DEVELOPMENT_TEAM = RT459C64W3;
				GENERATE_INFOPLIST_FILE = YES;
				INFOPLIST_FILE = Chirp/Info.plist;
				INFOPLIST_KEY_UIApplicationSupportsIndirectInputEvents = YES;
				INFOPLIST_KEY_UILaunchStoryboardName = LaunchScreen.storyboard;
				INFOPLIST_KEY_UISupportedInterfaceOrientations_iPad = "UIInterfaceOrientationPortrait UIInterfaceOrientationPortraitUpsideDown UIInterfaceOrientationLandscapeLeft UIInterfaceOrientationLandscapeRight";
				INFOPLIST_KEY_UISupportedInterfaceOrientations_iPhone = "UIInterfaceOrientationPortrait UIInterfaceOrientationLandscapeLeft UIInterfaceOrientationLandscapeRight";
				IPHONEOS_DEPLOYMENT_TARGET = 13.0;
				LD_RUNPATH_SEARCH_PATHS = (
					"$(inherited)",
					"@executable_path/Frameworks",
				);
				MARKETING_VERSION = 1.0;
				PRODUCT_BUNDLE_IDENTIFIER = com.macco.Chirp;
				PRODUCT_NAME = "$(TARGET_NAME)";
				SWIFT_EMIT_LOC_STRINGS = YES;
				SWIFT_VERSION = 5.0;
				TARGETED_DEVICE_FAMILY = "1,2";
			};
			name = Release;
		};
/* End XCBuildConfiguration section */

/* Begin XCConfigurationList section */
		E56C73162A2D216D00532B3D /* Build configuration list for PBXProject "Chirp" */ = {
			isa = XCConfigurationList;
			buildConfigurations = (
				E56C732D2A2D216F00532B3D /* Debug */,
				E56C732E2A2D216F00532B3D /* Release */,
			);
			defaultConfigurationIsVisible = 0;
			defaultConfigurationName = Release;
		};
		E56C732F2A2D216F00532B3D /* Build configuration list for PBXNativeTarget "Chirp" */ = {
			isa = XCConfigurationList;
			buildConfigurations = (
				E56C73302A2D216F00532B3D /* Debug */,
				E56C73312A2D216F00532B3D /* Release */,
			);
			defaultConfigurationIsVisible = 0;
			defaultConfigurationName = Release;
		};
/* End XCConfigurationList section */
	};
	rootObject = E56C73132A2D216D00532B3D /* Project object */;
}
