// !$*UTF8*$!
{
	archiveVersion = 1;
	classes = {
	};
	objectVersion = 56;
	objects = {

/* Begin PBXBuildFile section */
		00950E5C2A3160F900795FC4 /* ChatsViewController.swift in Sources */ = {isa = PBXBuildFile; fileRef = 00950E5A2A3160F800795FC4 /* ChatsViewController.swift */; };
		00950E5D2A3160F900795FC4 /* ChatsTableViewCell.swift in Sources */ = {isa = PBXBuildFile; fileRef = 00950E5B2A3160F900795FC4 /* ChatsTableViewCell.swift */; };
		00E4F8AE2A3274B600C6FF0E /* RecentChat.swift in Sources */ = {isa = PBXBuildFile; fileRef = 00E4F8AD2A3274B600C6FF0E /* RecentChat.swift */; };
		00E4F8B02A32751C00C6FF0E /* Message.swift in Sources */ = {isa = PBXBuildFile; fileRef = 00E4F8AF2A32751C00C6FF0E /* Message.swift */; };
		00E4F8B22A32777A00C6FF0E /* ChatsListViewModel.swift in Sources */ = {isa = PBXBuildFile; fileRef = 00E4F8B12A32777A00C6FF0E /* ChatsListViewModel.swift */; };
		00E4F8B42A3280E600C6FF0E /* Date+Extention.swift in Sources */ = {isa = PBXBuildFile; fileRef = 00E4F8B32A3280E600C6FF0E /* Date+Extention.swift */; };
		04163DF42A320AA9003DF7B1 /* Contacts.swift in Sources */ = {isa = PBXBuildFile; fileRef = 04163DF22A320AA8003DF7B1 /* Contacts.swift */; };
		04163DF52A320AA9003DF7B1 /* ContactsDetails.swift in Sources */ = {isa = PBXBuildFile; fileRef = 04163DF32A320AA9003DF7B1 /* ContactsDetails.swift */; };
		04163DFB2A326E8C003DF7B1 /* ContactsViewController.swift in Sources */ = {isa = PBXBuildFile; fileRef = 04163DF82A326E8C003DF7B1 /* ContactsViewController.swift */; };
		04163DFC2A326E8C003DF7B1 /* ContactsTableViewCell.swift in Sources */ = {isa = PBXBuildFile; fileRef = 04163DFA2A326E8C003DF7B1 /* ContactsTableViewCell.swift */; };
		04163E022A326EC4003DF7B1 /* OTPViewController.swift in Sources */ = {isa = PBXBuildFile; fileRef = 04163DFE2A326EC4003DF7B1 /* OTPViewController.swift */; };
		04163E042A326EC4003DF7B1 /* PasscodeView.swift in Sources */ = {isa = PBXBuildFile; fileRef = 04163E002A326EC4003DF7B1 /* PasscodeView.swift */; };
		042D1FA12A2FA765009D2573 /* AnimationName.swift in Sources */ = {isa = PBXBuildFile; fileRef = 042D1FA02A2FA765009D2573 /* AnimationName.swift */; };
		042D1FA32A2FAE7D009D2573 /* UIColor+Extension.swift in Sources */ = {isa = PBXBuildFile; fileRef = 042D1FA22A2FAE7D009D2573 /* UIColor+Extension.swift */; };
		0B3CE82B2A312CC800D6305F /* LoginPageViewController.swift in Sources */ = {isa = PBXBuildFile; fileRef = 0B3CE82A2A312CC800D6305F /* LoginPageViewController.swift */; };
		0B8530E82A3273F700AF66D3 /* GoogleService-Info.plist in Resources */ = {isa = PBXBuildFile; fileRef = 0B8530E72A3273F700AF66D3 /* GoogleService-Info.plist */; };
		0BA0087F2A34E60700040E43 /* OTPViewModel.swift in Sources */ = {isa = PBXBuildFile; fileRef = 0BA0087E2A34E60700040E43 /* OTPViewModel.swift */; };
		0BA008812A34E89600040E43 /* UserDefaults+Extension.swift in Sources */ = {isa = PBXBuildFile; fileRef = 0BA008802A34E89600040E43 /* UserDefaults+Extension.swift */; };
		0BE0F4852A34B6D600D581CA /* NetworkService.swift in Sources */ = {isa = PBXBuildFile; fileRef = 0BE0F4842A34B6D600D581CA /* NetworkService.swift */; };
		0BE0F4892A34C51100D581CA /* VerifyOTPRequest.swift in Sources */ = {isa = PBXBuildFile; fileRef = 0BE0F4882A34C51100D581CA /* VerifyOTPRequest.swift */; };
		0BE0F48D2A34DCF500D581CA /* GetUserRequest.swift in Sources */ = {isa = PBXBuildFile; fileRef = 0BE0F48C2A34DCF500D581CA /* GetUserRequest.swift */; };
		467B96F82A30AB700012AB04 /* RegistrationViewController.swift in Sources */ = {isa = PBXBuildFile; fileRef = 467B96F72A30AB700012AB04 /* RegistrationViewController.swift */; };
		467B96FB2A30ABB10012AB04 /* User.swift in Sources */ = {isa = PBXBuildFile; fileRef = 467B96FA2A30ABB10012AB04 /* User.swift */; };
		467B97032A30F8610012AB04 /* button-loader-white.json in Resources */ = {isa = PBXBuildFile; fileRef = 467B96FE2A30F8610012AB04 /* button-loader-white.json */; };
		467B97042A30F8610012AB04 /* Button.swift in Sources */ = {isa = PBXBuildFile; fileRef = 467B96FF2A30F8610012AB04 /* Button.swift */; };
		467B97052A30F8610012AB04 /* AlertToast.swift in Sources */ = {isa = PBXBuildFile; fileRef = 467B97012A30F8610012AB04 /* AlertToast.swift */; };
		467B97062A30F8610012AB04 /* AlertType.swift in Sources */ = {isa = PBXBuildFile; fileRef = 467B97022A30F8610012AB04 /* AlertType.swift */; };
		469CED882A3210F700AED489 /* MorePageTableViewCell.swift in Sources */ = {isa = PBXBuildFile; fileRef = 469CED872A3210F700AED489 /* MorePageTableViewCell.swift */; };
		469CED8A2A32110600AED489 /* MorePageViewController.swift in Sources */ = {isa = PBXBuildFile; fileRef = 469CED892A32110600AED489 /* MorePageViewController.swift */; };
		469CED8C2A32524B00AED489 /* CustomHeader.swift in Sources */ = {isa = PBXBuildFile; fileRef = 469CED8B2A32524B00AED489 /* CustomHeader.swift */; };
		469CED8F2A339F1400AED489 /* PasscodeBoxView.swift in Sources */ = {isa = PBXBuildFile; fileRef = 04163E012A326EC4003DF7B1 /* PasscodeBoxView.swift */; };
		469CED902A339FD500AED489 /* CountdownView.swift in Sources */ = {isa = PBXBuildFile; fileRef = 04163DFF2A326EC4003DF7B1 /* CountdownView.swift */; };
		46CBF5E12A35F2DD00D59F82 /* GetContributorsRequest.swift in Sources */ = {isa = PBXBuildFile; fileRef = 46CBF5E02A35F2DD00D59F82 /* GetContributorsRequest.swift */; };
		46EAB4562A350EA0002700E3 /* GetAllUsersRequest.swift in Sources */ = {isa = PBXBuildFile; fileRef = 46EAB4552A350EA0002700E3 /* GetAllUsersRequest.swift */; };
		46EAB4582A351178002700E3 /* ContactsViewModel.swift in Sources */ = {isa = PBXBuildFile; fileRef = 46EAB4572A351178002700E3 /* ContactsViewModel.swift */; };
		5F6778522A35EB070045199B /* UploadProfileImageRequest.swift in Sources */ = {isa = PBXBuildFile; fileRef = 5F6778512A35EB070045199B /* UploadProfileImageRequest.swift */; };
		5F6778542A35EB110045199B /* CreateUserRequest.swift in Sources */ = {isa = PBXBuildFile; fileRef = 5F6778532A35EB110045199B /* CreateUserRequest.swift */; };
		5F6778562A35EC020045199B /* RegistrationViewModel.swift in Sources */ = {isa = PBXBuildFile; fileRef = 5F6778552A35EC020045199B /* RegistrationViewModel.swift */; };
		809A35A9CD04CE147A4F0B6F /* Pods_Chirp.framework in Frameworks */ = {isa = PBXBuildFile; fileRef = DB6EC265D6F867AC01E03BB0 /* Pods_Chirp.framework */; };
		E5193CCF2A34A93000BEFAB2 /* Loader.swift in Sources */ = {isa = PBXBuildFile; fileRef = E5193CCE2A34A93000BEFAB2 /* Loader.swift */; };
		E5193CD12A34A9C500BEFAB2 /* loader_animation.json in Resources */ = {isa = PBXBuildFile; fileRef = E5193CD02A34A9C400BEFAB2 /* loader_animation.json */; };
		E56C731F2A2D216D00532B3D /* AppDelegate.swift in Sources */ = {isa = PBXBuildFile; fileRef = E56C731E2A2D216D00532B3D /* AppDelegate.swift */; };
		E56C73212A2D216D00532B3D /* SceneDelegate.swift in Sources */ = {isa = PBXBuildFile; fileRef = E56C73202A2D216D00532B3D /* SceneDelegate.swift */; };
		E56C73282A2D216F00532B3D /* Assets.xcassets in Resources */ = {isa = PBXBuildFile; fileRef = E56C73272A2D216F00532B3D /* Assets.xcassets */; };
		E56C732B2A2D216F00532B3D /* LaunchScreen.storyboard in Resources */ = {isa = PBXBuildFile; fileRef = E56C73292A2D216F00532B3D /* LaunchScreen.storyboard */; };
		E590250E2A364BAA00E05F36 /* UpdateFCMTokenRequest.swift in Sources */ = {isa = PBXBuildFile; fileRef = E590250D2A364BAA00E05F36 /* UpdateFCMTokenRequest.swift */; };
		E59025102A366ACF00E05F36 /* SendMessageRequest.swift in Sources */ = {isa = PBXBuildFile; fileRef = E590250F2A366ACF00E05F36 /* SendMessageRequest.swift */; };
		E59025122A366B0700E05F36 /* UpdateLastMessageRequest.swift in Sources */ = {isa = PBXBuildFile; fileRef = E59025112A366B0700E05F36 /* UpdateLastMessageRequest.swift */; };
		E59025142A366BDD00E05F36 /* ChatResponse.swift in Sources */ = {isa = PBXBuildFile; fileRef = E59025132A366BDD00E05F36 /* ChatResponse.swift */; };
		E5AC47E72A306AFD0055C83A /* UIImage+Extension.swift in Sources */ = {isa = PBXBuildFile; fileRef = E5AC47E62A306AFD0055C83A /* UIImage+Extension.swift */; };
		E5DBA5A12A34DE230032BD95 /* FIRDocument+Extension.swift in Sources */ = {isa = PBXBuildFile; fileRef = E5DBA5A02A34DE230032BD95 /* FIRDocument+Extension.swift */; };
		E5DBA5A32A34E6620032BD95 /* AppError.swift in Sources */ = {isa = PBXBuildFile; fileRef = E5DBA5A22A34E6620032BD95 /* AppError.swift */; };
		E5DBA5A62A35C7E40032BD95 /* MessagesViewController.swift in Sources */ = {isa = PBXBuildFile; fileRef = E5DBA5A52A35C7E40032BD95 /* MessagesViewController.swift */; };
		E5DBA5A82A35C7FD0032BD95 /* MessagesViewModel.swift in Sources */ = {isa = PBXBuildFile; fileRef = E5DBA5A72A35C7FD0032BD95 /* MessagesViewModel.swift */; };
		E5DBA5AA2A35C9A60032BD95 /* UIView+Extension.swift in Sources */ = {isa = PBXBuildFile; fileRef = E5DBA5A92A35C9A60032BD95 /* UIView+Extension.swift */; };
		E5DBA5AF2A35CACC0032BD95 /* MessageCellViewModel.swift in Sources */ = {isa = PBXBuildFile; fileRef = E5DBA5AE2A35CACC0032BD95 /* MessageCellViewModel.swift */; };
		E5DBA5B12A35CB0E0032BD95 /* MessageTableViewCell.swift in Sources */ = {isa = PBXBuildFile; fileRef = E5DBA5B02A35CB0E0032BD95 /* MessageTableViewCell.swift */; };
		E5DBA5B52A35F15B0032BD95 /* Encodable+Extension.swift in Sources */ = {isa = PBXBuildFile; fileRef = E5DBA5B42A35F15A0032BD95 /* Encodable+Extension.swift */; };
		E5DBA5B72A35F2DB0032BD95 /* FetchMessagesRequest.swift in Sources */ = {isa = PBXBuildFile; fileRef = E5DBA5B62A35F2DB0032BD95 /* FetchMessagesRequest.swift */; };
		E5DBA5B92A35F6250032BD95 /* CreateNewChatRequest.swift in Sources */ = {isa = PBXBuildFile; fileRef = E5DBA5B82A35F6250032BD95 /* CreateNewChatRequest.swift */; };
		E5DBA5BB2A35F7180032BD95 /* String+Extension.swift in Sources */ = {isa = PBXBuildFile; fileRef = E5DBA5BA2A35F7180032BD95 /* String+Extension.swift */; };
		EEA86C4E2A34FD2500D737DE /* SendOTPRequest.swift in Sources */ = {isa = PBXBuildFile; fileRef = EEA86C4D2A34FD2500D737DE /* SendOTPRequest.swift */; };
		EEA86C502A34FFD500D737DE /* LoginViewModel.swift in Sources */ = {isa = PBXBuildFile; fileRef = EEA86C4F2A34FFD500D737DE /* LoginViewModel.swift */; };
		EEB1A4912A312A5500F6899D /* HomeTabBarController.swift in Sources */ = {isa = PBXBuildFile; fileRef = EEB1A4902A312A5500F6899D /* HomeTabBarController.swift */; };
/* End PBXBuildFile section */

/* Begin PBXFileReference section */
		00950E5A2A3160F800795FC4 /* ChatsViewController.swift */ = {isa = PBXFileReference; fileEncoding = 4; lastKnownFileType = sourcecode.swift; path = ChatsViewController.swift; sourceTree = "<group>"; };
		00950E5B2A3160F900795FC4 /* ChatsTableViewCell.swift */ = {isa = PBXFileReference; fileEncoding = 4; lastKnownFileType = sourcecode.swift; path = ChatsTableViewCell.swift; sourceTree = "<group>"; };
		00E4F8AD2A3274B600C6FF0E /* RecentChat.swift */ = {isa = PBXFileReference; lastKnownFileType = sourcecode.swift; path = RecentChat.swift; sourceTree = "<group>"; };
		00E4F8AF2A32751C00C6FF0E /* Message.swift */ = {isa = PBXFileReference; lastKnownFileType = sourcecode.swift; path = Message.swift; sourceTree = "<group>"; };
		00E4F8B12A32777A00C6FF0E /* ChatsListViewModel.swift */ = {isa = PBXFileReference; lastKnownFileType = sourcecode.swift; path = ChatsListViewModel.swift; sourceTree = "<group>"; };
		00E4F8B32A3280E600C6FF0E /* Date+Extention.swift */ = {isa = PBXFileReference; lastKnownFileType = sourcecode.swift; path = "Date+Extention.swift"; sourceTree = "<group>"; };
		04163DF22A320AA8003DF7B1 /* Contacts.swift */ = {isa = PBXFileReference; fileEncoding = 4; lastKnownFileType = sourcecode.swift; path = Contacts.swift; sourceTree = "<group>"; };
		04163DF32A320AA9003DF7B1 /* ContactsDetails.swift */ = {isa = PBXFileReference; fileEncoding = 4; lastKnownFileType = sourcecode.swift; path = ContactsDetails.swift; sourceTree = "<group>"; };
		04163DF82A326E8C003DF7B1 /* ContactsViewController.swift */ = {isa = PBXFileReference; fileEncoding = 4; lastKnownFileType = sourcecode.swift; path = ContactsViewController.swift; sourceTree = "<group>"; };
		04163DFA2A326E8C003DF7B1 /* ContactsTableViewCell.swift */ = {isa = PBXFileReference; fileEncoding = 4; lastKnownFileType = sourcecode.swift; path = ContactsTableViewCell.swift; sourceTree = "<group>"; };
		04163DFE2A326EC4003DF7B1 /* OTPViewController.swift */ = {isa = PBXFileReference; fileEncoding = 4; lastKnownFileType = sourcecode.swift; path = OTPViewController.swift; sourceTree = "<group>"; };
		04163DFF2A326EC4003DF7B1 /* CountdownView.swift */ = {isa = PBXFileReference; fileEncoding = 4; lastKnownFileType = sourcecode.swift; path = CountdownView.swift; sourceTree = "<group>"; };
		04163E002A326EC4003DF7B1 /* PasscodeView.swift */ = {isa = PBXFileReference; fileEncoding = 4; lastKnownFileType = sourcecode.swift; path = PasscodeView.swift; sourceTree = "<group>"; };
		04163E012A326EC4003DF7B1 /* PasscodeBoxView.swift */ = {isa = PBXFileReference; fileEncoding = 4; lastKnownFileType = sourcecode.swift; path = PasscodeBoxView.swift; sourceTree = "<group>"; };
		042D1FA02A2FA765009D2573 /* AnimationName.swift */ = {isa = PBXFileReference; lastKnownFileType = sourcecode.swift; path = AnimationName.swift; sourceTree = "<group>"; };
		042D1FA22A2FAE7D009D2573 /* UIColor+Extension.swift */ = {isa = PBXFileReference; lastKnownFileType = sourcecode.swift; path = "UIColor+Extension.swift"; sourceTree = "<group>"; };
		0B3CE82A2A312CC800D6305F /* LoginPageViewController.swift */ = {isa = PBXFileReference; lastKnownFileType = sourcecode.swift; path = LoginPageViewController.swift; sourceTree = "<group>"; };
		0B8530E72A3273F700AF66D3 /* GoogleService-Info.plist */ = {isa = PBXFileReference; fileEncoding = 4; lastKnownFileType = text.plist.xml; path = "GoogleService-Info.plist"; sourceTree = "<group>"; };
		0BA0087E2A34E60700040E43 /* OTPViewModel.swift */ = {isa = PBXFileReference; fileEncoding = 4; lastKnownFileType = sourcecode.swift; path = OTPViewModel.swift; sourceTree = "<group>"; };
		0BA008802A34E89600040E43 /* UserDefaults+Extension.swift */ = {isa = PBXFileReference; lastKnownFileType = sourcecode.swift; path = "UserDefaults+Extension.swift"; sourceTree = "<group>"; };
		0BE0F4842A34B6D600D581CA /* NetworkService.swift */ = {isa = PBXFileReference; lastKnownFileType = sourcecode.swift; path = NetworkService.swift; sourceTree = "<group>"; };
		0BE0F4882A34C51100D581CA /* VerifyOTPRequest.swift */ = {isa = PBXFileReference; lastKnownFileType = sourcecode.swift; path = VerifyOTPRequest.swift; sourceTree = "<group>"; };
		0BE0F48C2A34DCF500D581CA /* GetUserRequest.swift */ = {isa = PBXFileReference; lastKnownFileType = sourcecode.swift; path = GetUserRequest.swift; sourceTree = "<group>"; };
		467B96F72A30AB700012AB04 /* RegistrationViewController.swift */ = {isa = PBXFileReference; lastKnownFileType = sourcecode.swift; path = RegistrationViewController.swift; sourceTree = "<group>"; };
		467B96FA2A30ABB10012AB04 /* User.swift */ = {isa = PBXFileReference; lastKnownFileType = sourcecode.swift; path = User.swift; sourceTree = "<group>"; };
		467B96FE2A30F8610012AB04 /* button-loader-white.json */ = {isa = PBXFileReference; fileEncoding = 4; lastKnownFileType = text.json; path = "button-loader-white.json"; sourceTree = "<group>"; };
		467B96FF2A30F8610012AB04 /* Button.swift */ = {isa = PBXFileReference; fileEncoding = 4; lastKnownFileType = sourcecode.swift; path = Button.swift; sourceTree = "<group>"; };
		467B97012A30F8610012AB04 /* AlertToast.swift */ = {isa = PBXFileReference; fileEncoding = 4; lastKnownFileType = sourcecode.swift; path = AlertToast.swift; sourceTree = "<group>"; };
		467B97022A30F8610012AB04 /* AlertType.swift */ = {isa = PBXFileReference; fileEncoding = 4; lastKnownFileType = sourcecode.swift; path = AlertType.swift; sourceTree = "<group>"; };
		469CED872A3210F700AED489 /* MorePageTableViewCell.swift */ = {isa = PBXFileReference; lastKnownFileType = sourcecode.swift; path = MorePageTableViewCell.swift; sourceTree = "<group>"; };
		469CED892A32110600AED489 /* MorePageViewController.swift */ = {isa = PBXFileReference; lastKnownFileType = sourcecode.swift; path = MorePageViewController.swift; sourceTree = "<group>"; };
		469CED8B2A32524B00AED489 /* CustomHeader.swift */ = {isa = PBXFileReference; lastKnownFileType = sourcecode.swift; path = CustomHeader.swift; sourceTree = "<group>"; };
		46CBF5E02A35F2DD00D59F82 /* GetContributorsRequest.swift */ = {isa = PBXFileReference; lastKnownFileType = sourcecode.swift; path = GetContributorsRequest.swift; sourceTree = "<group>"; };
		46EAB4552A350EA0002700E3 /* GetAllUsersRequest.swift */ = {isa = PBXFileReference; lastKnownFileType = sourcecode.swift; path = GetAllUsersRequest.swift; sourceTree = "<group>"; };
		46EAB4572A351178002700E3 /* ContactsViewModel.swift */ = {isa = PBXFileReference; lastKnownFileType = sourcecode.swift; path = ContactsViewModel.swift; sourceTree = "<group>"; };
		529183B6341C55015C9D160F /* Pods-Chirp.debug.xcconfig */ = {isa = PBXFileReference; includeInIndex = 1; lastKnownFileType = text.xcconfig; name = "Pods-Chirp.debug.xcconfig"; path = "Target Support Files/Pods-Chirp/Pods-Chirp.debug.xcconfig"; sourceTree = "<group>"; };
		5F6778512A35EB070045199B /* UploadProfileImageRequest.swift */ = {isa = PBXFileReference; fileEncoding = 4; lastKnownFileType = sourcecode.swift; path = UploadProfileImageRequest.swift; sourceTree = "<group>"; };
		5F6778532A35EB110045199B /* CreateUserRequest.swift */ = {isa = PBXFileReference; fileEncoding = 4; lastKnownFileType = sourcecode.swift; path = CreateUserRequest.swift; sourceTree = "<group>"; };
		5F6778552A35EC020045199B /* RegistrationViewModel.swift */ = {isa = PBXFileReference; fileEncoding = 4; lastKnownFileType = sourcecode.swift; path = RegistrationViewModel.swift; sourceTree = "<group>"; };
		B739D4B4B8974D1601276D8A /* Pods-Chirp.release.xcconfig */ = {isa = PBXFileReference; includeInIndex = 1; lastKnownFileType = text.xcconfig; name = "Pods-Chirp.release.xcconfig"; path = "Target Support Files/Pods-Chirp/Pods-Chirp.release.xcconfig"; sourceTree = "<group>"; };
		DB6EC265D6F867AC01E03BB0 /* Pods_Chirp.framework */ = {isa = PBXFileReference; explicitFileType = wrapper.framework; includeInIndex = 0; path = Pods_Chirp.framework; sourceTree = BUILT_PRODUCTS_DIR; };
		E5193CCE2A34A93000BEFAB2 /* Loader.swift */ = {isa = PBXFileReference; lastKnownFileType = sourcecode.swift; path = Loader.swift; sourceTree = "<group>"; };
		E5193CD02A34A9C400BEFAB2 /* loader_animation.json */ = {isa = PBXFileReference; fileEncoding = 4; lastKnownFileType = text.json; path = loader_animation.json; sourceTree = "<group>"; };
		E56C731B2A2D216D00532B3D /* Chirp.app */ = {isa = PBXFileReference; explicitFileType = wrapper.application; includeInIndex = 0; path = Chirp.app; sourceTree = BUILT_PRODUCTS_DIR; };
		E56C731E2A2D216D00532B3D /* AppDelegate.swift */ = {isa = PBXFileReference; lastKnownFileType = sourcecode.swift; path = AppDelegate.swift; sourceTree = "<group>"; };
		E56C73202A2D216D00532B3D /* SceneDelegate.swift */ = {isa = PBXFileReference; lastKnownFileType = sourcecode.swift; path = SceneDelegate.swift; sourceTree = "<group>"; };
		E56C73272A2D216F00532B3D /* Assets.xcassets */ = {isa = PBXFileReference; lastKnownFileType = folder.assetcatalog; path = Assets.xcassets; sourceTree = "<group>"; };
		E56C732A2A2D216F00532B3D /* Base */ = {isa = PBXFileReference; lastKnownFileType = file.storyboard; name = Base; path = Base.lproj/LaunchScreen.storyboard; sourceTree = "<group>"; };
		E56C732C2A2D216F00532B3D /* Info.plist */ = {isa = PBXFileReference; lastKnownFileType = text.plist.xml; path = Info.plist; sourceTree = "<group>"; };
		E590250D2A364BAA00E05F36 /* UpdateFCMTokenRequest.swift */ = {isa = PBXFileReference; lastKnownFileType = sourcecode.swift; path = UpdateFCMTokenRequest.swift; sourceTree = "<group>"; };
		E590250F2A366ACF00E05F36 /* SendMessageRequest.swift */ = {isa = PBXFileReference; lastKnownFileType = sourcecode.swift; path = SendMessageRequest.swift; sourceTree = "<group>"; };
		E59025112A366B0700E05F36 /* UpdateLastMessageRequest.swift */ = {isa = PBXFileReference; lastKnownFileType = sourcecode.swift; path = UpdateLastMessageRequest.swift; sourceTree = "<group>"; };
		E59025132A366BDD00E05F36 /* ChatResponse.swift */ = {isa = PBXFileReference; lastKnownFileType = sourcecode.swift; path = ChatResponse.swift; sourceTree = "<group>"; };
		E5AC47E62A306AFD0055C83A /* UIImage+Extension.swift */ = {isa = PBXFileReference; lastKnownFileType = sourcecode.swift; path = "UIImage+Extension.swift"; sourceTree = "<group>"; };
		E5DBA5A02A34DE230032BD95 /* FIRDocument+Extension.swift */ = {isa = PBXFileReference; lastKnownFileType = sourcecode.swift; path = "FIRDocument+Extension.swift"; sourceTree = "<group>"; };
		E5DBA5A22A34E6620032BD95 /* AppError.swift */ = {isa = PBXFileReference; lastKnownFileType = sourcecode.swift; path = AppError.swift; sourceTree = "<group>"; };
		E5DBA5A52A35C7E40032BD95 /* MessagesViewController.swift */ = {isa = PBXFileReference; lastKnownFileType = sourcecode.swift; path = MessagesViewController.swift; sourceTree = "<group>"; };
		E5DBA5A72A35C7FD0032BD95 /* MessagesViewModel.swift */ = {isa = PBXFileReference; lastKnownFileType = sourcecode.swift; path = MessagesViewModel.swift; sourceTree = "<group>"; };
		E5DBA5A92A35C9A60032BD95 /* UIView+Extension.swift */ = {isa = PBXFileReference; lastKnownFileType = sourcecode.swift; path = "UIView+Extension.swift"; sourceTree = "<group>"; };
		E5DBA5AE2A35CACC0032BD95 /* MessageCellViewModel.swift */ = {isa = PBXFileReference; lastKnownFileType = sourcecode.swift; path = MessageCellViewModel.swift; sourceTree = "<group>"; };
		E5DBA5B02A35CB0E0032BD95 /* MessageTableViewCell.swift */ = {isa = PBXFileReference; lastKnownFileType = sourcecode.swift; path = MessageTableViewCell.swift; sourceTree = "<group>"; };
		E5DBA5B42A35F15A0032BD95 /* Encodable+Extension.swift */ = {isa = PBXFileReference; fileEncoding = 4; lastKnownFileType = sourcecode.swift; path = "Encodable+Extension.swift"; sourceTree = "<group>"; };
		E5DBA5B62A35F2DB0032BD95 /* FetchMessagesRequest.swift */ = {isa = PBXFileReference; lastKnownFileType = sourcecode.swift; path = FetchMessagesRequest.swift; sourceTree = "<group>"; };
		E5DBA5B82A35F6250032BD95 /* CreateNewChatRequest.swift */ = {isa = PBXFileReference; lastKnownFileType = sourcecode.swift; path = CreateNewChatRequest.swift; sourceTree = "<group>"; };
		E5DBA5BA2A35F7180032BD95 /* String+Extension.swift */ = {isa = PBXFileReference; lastKnownFileType = sourcecode.swift; path = "String+Extension.swift"; sourceTree = "<group>"; };
		EEA86C4D2A34FD2500D737DE /* SendOTPRequest.swift */ = {isa = PBXFileReference; lastKnownFileType = sourcecode.swift; path = SendOTPRequest.swift; sourceTree = "<group>"; };
		EEA86C4F2A34FFD500D737DE /* LoginViewModel.swift */ = {isa = PBXFileReference; lastKnownFileType = sourcecode.swift; path = LoginViewModel.swift; sourceTree = "<group>"; };
		EEB1A4902A312A5500F6899D /* HomeTabBarController.swift */ = {isa = PBXFileReference; lastKnownFileType = sourcecode.swift; path = HomeTabBarController.swift; sourceTree = "<group>"; };
		EEE809342A339B8F00E6986B /* Chirp.entitlements */ = {isa = PBXFileReference; lastKnownFileType = text.plist.entitlements; path = Chirp.entitlements; sourceTree = "<group>"; };
/* End PBXFileReference section */

/* Begin PBXFrameworksBuildPhase section */
		E56C73182A2D216D00532B3D /* Frameworks */ = {
			isa = PBXFrameworksBuildPhase;
			buildActionMask = 2147483647;
			files = (
				809A35A9CD04CE147A4F0B6F /* Pods_Chirp.framework in Frameworks */,
			);
			runOnlyForDeploymentPostprocessing = 0;
		};
/* End PBXFrameworksBuildPhase section */

/* Begin PBXGroup section */
		00950E592A3160D900795FC4 /* ChatsPage */ = {
			isa = PBXGroup;
			children = (
				00950E5B2A3160F900795FC4 /* ChatsTableViewCell.swift */,
				00950E5A2A3160F800795FC4 /* ChatsViewController.swift */,
				00E4F8B12A32777A00C6FF0E /* ChatsListViewModel.swift */,
			);
			path = ChatsPage;
			sourceTree = "<group>";
		};
		04163DF72A326E8C003DF7B1 /* ContactsPage */ = {
			isa = PBXGroup;
			children = (
				46EAB4572A351178002700E3 /* ContactsViewModel.swift */,
				04163DF82A326E8C003DF7B1 /* ContactsViewController.swift */,
				04163DF92A326E8C003DF7B1 /* Cell */,
			);
			path = ContactsPage;
			sourceTree = "<group>";
		};
		04163DF92A326E8C003DF7B1 /* Cell */ = {
			isa = PBXGroup;
			children = (
				04163DFA2A326E8C003DF7B1 /* ContactsTableViewCell.swift */,
			);
			path = Cell;
			sourceTree = "<group>";
		};
		04163DFD2A326EC4003DF7B1 /* OTP Components */ = {
			isa = PBXGroup;
			children = (
				04163DFE2A326EC4003DF7B1 /* OTPViewController.swift */,
				04163DFF2A326EC4003DF7B1 /* CountdownView.swift */,
				04163E002A326EC4003DF7B1 /* PasscodeView.swift */,
				04163E012A326EC4003DF7B1 /* PasscodeBoxView.swift */,
				0BA0087E2A34E60700040E43 /* OTPViewModel.swift */,
			);
			path = "OTP Components";
			sourceTree = "<group>";
		};
		0B3CE8292A312CB400D6305F /* LoginPage */ = {
			isa = PBXGroup;
			children = (
				0B3CE82A2A312CC800D6305F /* LoginPageViewController.swift */,
				EEA86C4F2A34FFD500D737DE /* LoginViewModel.swift */,
			);
			path = LoginPage;
			sourceTree = "<group>";
		};
		0BE0F4832A34B6BC00D581CA /* Networking */ = {
			isa = PBXGroup;
			children = (
				E59025152A366BE400E05F36 /* Responses */,
				0BE0F4872A34C42400D581CA /* Requests */,
				0BE0F4842A34B6D600D581CA /* NetworkService.swift */,
			);
			path = Networking;
			sourceTree = "<group>";
		};
		0BE0F4872A34C42400D581CA /* Requests */ = {
			isa = PBXGroup;
			children = (
				0BE0F4882A34C51100D581CA /* VerifyOTPRequest.swift */,
				0BE0F48C2A34DCF500D581CA /* GetUserRequest.swift */,
				EEA86C4D2A34FD2500D737DE /* SendOTPRequest.swift */,
				46EAB4552A350EA0002700E3 /* GetAllUsersRequest.swift */,
				5F6778532A35EB110045199B /* CreateUserRequest.swift */,
				5F6778512A35EB070045199B /* UploadProfileImageRequest.swift */,
				46CBF5E02A35F2DD00D59F82 /* GetContributorsRequest.swift */,
				E5DBA5B62A35F2DB0032BD95 /* FetchMessagesRequest.swift */,
				E5DBA5B82A35F6250032BD95 /* CreateNewChatRequest.swift */,
				E590250D2A364BAA00E05F36 /* UpdateFCMTokenRequest.swift */,
				E590250F2A366ACF00E05F36 /* SendMessageRequest.swift */,
				E59025112A366B0700E05F36 /* UpdateLastMessageRequest.swift */,
			);
			path = Requests;
			sourceTree = "<group>";
		};
		467B96F52A30AB150012AB04 /* Pages */ = {
			isa = PBXGroup;
			children = (
				E5DBA5A42A35C7AA0032BD95 /* Messages */,
				04163DFD2A326EC4003DF7B1 /* OTP Components */,
				0B3CE8292A312CB400D6305F /* LoginPage */,
				469CED862A3210DF00AED489 /* MorePage */,
				00950E592A3160D900795FC4 /* ChatsPage */,
				467B96F62A30AB480012AB04 /* RegistrationPage */,
				EEB1A4902A312A5500F6899D /* HomeTabBarController.swift */,
				04163DF72A326E8C003DF7B1 /* ContactsPage */,
			);
			path = Pages;
			sourceTree = "<group>";
		};
		467B96F62A30AB480012AB04 /* RegistrationPage */ = {
			isa = PBXGroup;
			children = (
				5F6778552A35EC020045199B /* RegistrationViewModel.swift */,
				467B96F72A30AB700012AB04 /* RegistrationViewController.swift */,
			);
			path = RegistrationPage;
			sourceTree = "<group>";
		};
		467B96F92A30AB9E0012AB04 /* Model */ = {
			isa = PBXGroup;
			children = (
				467B96FA2A30ABB10012AB04 /* User.swift */,
				E5DBA5A22A34E6620032BD95 /* AppError.swift */,
				00E4F8AD2A3274B600C6FF0E /* RecentChat.swift */,
				00E4F8AF2A32751C00C6FF0E /* Message.swift */,
				04163DF22A320AA8003DF7B1 /* Contacts.swift */,
				04163DF32A320AA9003DF7B1 /* ContactsDetails.swift */,
			);
			path = Model;
			sourceTree = "<group>";
		};
		467B96FC2A30F8610012AB04 /* Components */ = {
			isa = PBXGroup;
			children = (
				E5193CCD2A34A92600BEFAB2 /* Loader */,
				467B96FD2A30F8610012AB04 /* Button */,
				467B97002A30F8610012AB04 /* AlertToast */,
			);
			path = Components;
			sourceTree = "<group>";
		};
		467B96FD2A30F8610012AB04 /* Button */ = {
			isa = PBXGroup;
			children = (
				467B96FE2A30F8610012AB04 /* button-loader-white.json */,
				467B96FF2A30F8610012AB04 /* Button.swift */,
			);
			path = Button;
			sourceTree = "<group>";
		};
		467B97002A30F8610012AB04 /* AlertToast */ = {
			isa = PBXGroup;
			children = (
				467B97012A30F8610012AB04 /* AlertToast.swift */,
				467B97022A30F8610012AB04 /* AlertType.swift */,
			);
			path = AlertToast;
			sourceTree = "<group>";
		};
		469CED862A3210DF00AED489 /* MorePage */ = {
			isa = PBXGroup;
			children = (
				469CED872A3210F700AED489 /* MorePageTableViewCell.swift */,
				469CED892A32110600AED489 /* MorePageViewController.swift */,
				469CED8B2A32524B00AED489 /* CustomHeader.swift */,
			);
			path = MorePage;
			sourceTree = "<group>";
		};
		8F9E9B659D2909F0BC07190E /* Frameworks */ = {
			isa = PBXGroup;
			children = (
				DB6EC265D6F867AC01E03BB0 /* Pods_Chirp.framework */,
			);
			name = Frameworks;
			sourceTree = "<group>";
		};
		90E17B7A57099B4B72815CAB /* Pods */ = {
			isa = PBXGroup;
			children = (
				529183B6341C55015C9D160F /* Pods-Chirp.debug.xcconfig */,
				B739D4B4B8974D1601276D8A /* Pods-Chirp.release.xcconfig */,
			);
			path = Pods;
			sourceTree = "<group>";
		};
		E5193CCD2A34A92600BEFAB2 /* Loader */ = {
			isa = PBXGroup;
			children = (
				E5193CD02A34A9C400BEFAB2 /* loader_animation.json */,
				E5193CCE2A34A93000BEFAB2 /* Loader.swift */,
			);
			path = Loader;
			sourceTree = "<group>";
		};
		E56C73122A2D216D00532B3D = {
			isa = PBXGroup;
			children = (
				E56C731D2A2D216D00532B3D /* Chirp */,
				E56C731C2A2D216D00532B3D /* Products */,
				90E17B7A57099B4B72815CAB /* Pods */,
				8F9E9B659D2909F0BC07190E /* Frameworks */,
			);
			sourceTree = "<group>";
		};
		E56C731C2A2D216D00532B3D /* Products */ = {
			isa = PBXGroup;
			children = (
				E56C731B2A2D216D00532B3D /* Chirp.app */,
			);
			name = Products;
			sourceTree = "<group>";
		};
		E56C731D2A2D216D00532B3D /* Chirp */ = {
			isa = PBXGroup;
			children = (
				0BE0F4832A34B6BC00D581CA /* Networking */,
				EEE809342A339B8F00E6986B /* Chirp.entitlements */,
				467B96F92A30AB9E0012AB04 /* Model */,
				467B96F52A30AB150012AB04 /* Pages */,
				E5AC47DF2A305C270055C83A /* Extensions */,
				467B96FC2A30F8610012AB04 /* Components */,
				E56C731E2A2D216D00532B3D /* AppDelegate.swift */,
				E56C73202A2D216D00532B3D /* SceneDelegate.swift */,
				E56C73272A2D216F00532B3D /* Assets.xcassets */,
				E56C73292A2D216F00532B3D /* LaunchScreen.storyboard */,
				0B8530E72A3273F700AF66D3 /* GoogleService-Info.plist */,
				E56C732C2A2D216F00532B3D /* Info.plist */,
			);
			path = Chirp;
			sourceTree = "<group>";
		};
		E59025152A366BE400E05F36 /* Responses */ = {
			isa = PBXGroup;
			children = (
				E59025132A366BDD00E05F36 /* ChatResponse.swift */,
			);
			path = Responses;
			sourceTree = "<group>";
		};
		E5AC47DF2A305C270055C83A /* Extensions */ = {
			isa = PBXGroup;
			children = (
				042D1FA02A2FA765009D2573 /* AnimationName.swift */,
				042D1FA22A2FAE7D009D2573 /* UIColor+Extension.swift */,
				E5AC47E62A306AFD0055C83A /* UIImage+Extension.swift */,
				E5DBA5A02A34DE230032BD95 /* FIRDocument+Extension.swift */,
				0BA008802A34E89600040E43 /* UserDefaults+Extension.swift */,
				00E4F8B32A3280E600C6FF0E /* Date+Extention.swift */,
				E5DBA5A92A35C9A60032BD95 /* UIView+Extension.swift */,
				E5DBA5B42A35F15A0032BD95 /* Encodable+Extension.swift */,
				E5DBA5BA2A35F7180032BD95 /* String+Extension.swift */,
			);
			path = Extensions;
			sourceTree = "<group>";
		};
		E5DBA5A42A35C7AA0032BD95 /* Messages */ = {
			isa = PBXGroup;
			children = (
				E5DBA5AB2A35CA010032BD95 /* TableViewCells */,
				E5DBA5A52A35C7E40032BD95 /* MessagesViewController.swift */,
				E5DBA5A72A35C7FD0032BD95 /* MessagesViewModel.swift */,
			);
			path = Messages;
			sourceTree = "<group>";
		};
		E5DBA5AB2A35CA010032BD95 /* TableViewCells */ = {
			isa = PBXGroup;
			children = (
				E5DBA5B02A35CB0E0032BD95 /* MessageTableViewCell.swift */,
				E5DBA5AE2A35CACC0032BD95 /* MessageCellViewModel.swift */,
			);
			path = TableViewCells;
			sourceTree = "<group>";
		};
/* End PBXGroup section */

/* Begin PBXNativeTarget section */
		E56C731A2A2D216D00532B3D /* Chirp */ = {
			isa = PBXNativeTarget;
			buildConfigurationList = E56C732F2A2D216F00532B3D /* Build configuration list for PBXNativeTarget "Chirp" */;
			buildPhases = (
				DA3FE11A1A2330E5AF78E3EC /* [CP] Check Pods Manifest.lock */,
				E56C73172A2D216D00532B3D /* Sources */,
				E56C73182A2D216D00532B3D /* Frameworks */,
				E56C73192A2D216D00532B3D /* Resources */,
				78C1D73E424A20DDCFD937FE /* [CP] Embed Pods Frameworks */,
			);
			buildRules = (
			);
			dependencies = (
			);
			name = Chirp;
			productName = Chirp;
			productReference = E56C731B2A2D216D00532B3D /* Chirp.app */;
			productType = "com.apple.product-type.application";
		};
/* End PBXNativeTarget section */

/* Begin PBXProject section */
		E56C73132A2D216D00532B3D /* Project object */ = {
			isa = PBXProject;
			attributes = {
				BuildIndependentTargetsInParallel = 1;
				LastSwiftUpdateCheck = 1410;
				LastUpgradeCheck = 1410;
				TargetAttributes = {
					E56C731A2A2D216D00532B3D = {
						CreatedOnToolsVersion = 14.1;
					};
				};
			};
			buildConfigurationList = E56C73162A2D216D00532B3D /* Build configuration list for PBXProject "Chirp" */;
			compatibilityVersion = "Xcode 14.0";
			developmentRegion = en;
			hasScannedForEncodings = 0;
			knownRegions = (
				en,
				Base,
			);
			mainGroup = E56C73122A2D216D00532B3D;
			productRefGroup = E56C731C2A2D216D00532B3D /* Products */;
			projectDirPath = "";
			projectRoot = "";
			targets = (
				E56C731A2A2D216D00532B3D /* Chirp */,
			);
		};
/* End PBXProject section */

/* Begin PBXResourcesBuildPhase section */
		E56C73192A2D216D00532B3D /* Resources */ = {
			isa = PBXResourcesBuildPhase;
			buildActionMask = 2147483647;
			files = (
				E56C732B2A2D216F00532B3D /* LaunchScreen.storyboard in Resources */,
				0B8530E82A3273F700AF66D3 /* GoogleService-Info.plist in Resources */,
				E5193CD12A34A9C500BEFAB2 /* loader_animation.json in Resources */,
				E56C73282A2D216F00532B3D /* Assets.xcassets in Resources */,
				467B97032A30F8610012AB04 /* button-loader-white.json in Resources */,
			);
			runOnlyForDeploymentPostprocessing = 0;
		};
/* End PBXResourcesBuildPhase section */

/* Begin PBXShellScriptBuildPhase section */
		78C1D73E424A20DDCFD937FE /* [CP] Embed Pods Frameworks */ = {
			isa = PBXShellScriptBuildPhase;
			buildActionMask = 2147483647;
			files = (
			);
			inputFileListPaths = (
				"${PODS_ROOT}/Target Support Files/Pods-Chirp/Pods-Chirp-frameworks-${CONFIGURATION}-input-files.xcfilelist",
			);
			name = "[CP] Embed Pods Frameworks";
			outputFileListPaths = (
				"${PODS_ROOT}/Target Support Files/Pods-Chirp/Pods-Chirp-frameworks-${CONFIGURATION}-output-files.xcfilelist",
			);
			runOnlyForDeploymentPostprocessing = 0;
			shellPath = /bin/sh;
			shellScript = "\"${PODS_ROOT}/Target Support Files/Pods-Chirp/Pods-Chirp-frameworks.sh\"\n";
			showEnvVarsInLog = 0;
		};
		DA3FE11A1A2330E5AF78E3EC /* [CP] Check Pods Manifest.lock */ = {
			isa = PBXShellScriptBuildPhase;
			buildActionMask = 2147483647;
			files = (
			);
			inputFileListPaths = (
			);
			inputPaths = (
				"${PODS_PODFILE_DIR_PATH}/Podfile.lock",
				"${PODS_ROOT}/Manifest.lock",
			);
			name = "[CP] Check Pods Manifest.lock";
			outputFileListPaths = (
			);
			outputPaths = (
				"$(DERIVED_FILE_DIR)/Pods-Chirp-checkManifestLockResult.txt",
			);
			runOnlyForDeploymentPostprocessing = 0;
			shellPath = /bin/sh;
			shellScript = "diff \"${PODS_PODFILE_DIR_PATH}/Podfile.lock\" \"${PODS_ROOT}/Manifest.lock\" > /dev/null\nif [ $? != 0 ] ; then\n    # print error to STDERR\n    echo \"error: The sandbox is not in sync with the Podfile.lock. Run 'pod install' or update your CocoaPods installation.\" >&2\n    exit 1\nfi\n# This output is used by Xcode 'outputs' to avoid re-running this script phase.\necho \"SUCCESS\" > \"${SCRIPT_OUTPUT_FILE_0}\"\n";
			showEnvVarsInLog = 0;
		};
/* End PBXShellScriptBuildPhase section */

/* Begin PBXSourcesBuildPhase section */
		E56C73172A2D216D00532B3D /* Sources */ = {
			isa = PBXSourcesBuildPhase;
			buildActionMask = 2147483647;
			files = (
				E5DBA5B72A35F2DB0032BD95 /* FetchMessagesRequest.swift in Sources */,
				5F6778562A35EC020045199B /* RegistrationViewModel.swift in Sources */,
				04163DFB2A326E8C003DF7B1 /* ContactsViewController.swift in Sources */,
				042D1FA12A2FA765009D2573 /* AnimationName.swift in Sources */,
				469CED902A339FD500AED489 /* CountdownView.swift in Sources */,
				E5DBA5AA2A35C9A60032BD95 /* UIView+Extension.swift in Sources */,
				E5DBA5AF2A35CACC0032BD95 /* MessageCellViewModel.swift in Sources */,
				04163E022A326EC4003DF7B1 /* OTPViewController.swift in Sources */,
				E5DBA5BB2A35F7180032BD95 /* String+Extension.swift in Sources */,
				04163DF52A320AA9003DF7B1 /* ContactsDetails.swift in Sources */,
				00950E5D2A3160F900795FC4 /* ChatsTableViewCell.swift in Sources */,
				46EAB4582A351178002700E3 /* ContactsViewModel.swift in Sources */,
				E5AC47E72A306AFD0055C83A /* UIImage+Extension.swift in Sources */,
				5F6778522A35EB070045199B /* UploadProfileImageRequest.swift in Sources */,
				467B96F82A30AB700012AB04 /* RegistrationViewController.swift in Sources */,
				469CED8F2A339F1400AED489 /* PasscodeBoxView.swift in Sources */,
				E5DBA5B92A35F6250032BD95 /* CreateNewChatRequest.swift in Sources */,
				EEA86C502A34FFD500D737DE /* LoginViewModel.swift in Sources */,
				E5193CCF2A34A93000BEFAB2 /* Loader.swift in Sources */,
				00E4F8B42A3280E600C6FF0E /* Date+Extention.swift in Sources */,
				00E4F8B02A32751C00C6FF0E /* Message.swift in Sources */,
				00950E5C2A3160F900795FC4 /* ChatsViewController.swift in Sources */,
				5F6778542A35EB110045199B /* CreateUserRequest.swift in Sources */,
				00E4F8AE2A3274B600C6FF0E /* RecentChat.swift in Sources */,
				042D1FA32A2FAE7D009D2573 /* UIColor+Extension.swift in Sources */,
				04163DF42A320AA9003DF7B1 /* Contacts.swift in Sources */,
				E5DBA5B52A35F15B0032BD95 /* Encodable+Extension.swift in Sources */,
				E5DBA5A62A35C7E40032BD95 /* MessagesViewController.swift in Sources */,
				E590250E2A364BAA00E05F36 /* UpdateFCMTokenRequest.swift in Sources */,
				04163DFC2A326E8C003DF7B1 /* ContactsTableViewCell.swift in Sources */,
				46CBF5E12A35F2DD00D59F82 /* GetContributorsRequest.swift in Sources */,
				0BA0087F2A34E60700040E43 /* OTPViewModel.swift in Sources */,
				E5AC47E72A306AFD0055C83A /* UIImage+Extension.swift in Sources */,
				EEA86C4E2A34FD2500D737DE /* SendOTPRequest.swift in Sources */,
				E5DBA5A82A35C7FD0032BD95 /* MessagesViewModel.swift in Sources */,
				467B96F82A30AB700012AB04 /* RegistrationViewController.swift in Sources */,
				E59025102A366ACF00E05F36 /* SendMessageRequest.swift in Sources */,
				00E4F8B22A32777A00C6FF0E /* ChatsListViewModel.swift in Sources */,
				46EAB4562A350EA0002700E3 /* GetAllUsersRequest.swift in Sources */,
				467B97052A30F8610012AB04 /* AlertToast.swift in Sources */,
				E5DBA5B12A35CB0E0032BD95 /* MessageTableViewCell.swift in Sources */,
				0B3CE82B2A312CC800D6305F /* LoginPageViewController.swift in Sources */,
				042D1FA32A2FAE7D009D2573 /* UIColor+Extension.swift in Sources */,
				469CED8C2A32524B00AED489 /* CustomHeader.swift in Sources */,
				469CED8A2A32110600AED489 /* MorePageViewController.swift in Sources */,
				469CED882A3210F700AED489 /* MorePageTableViewCell.swift in Sources */,
				E59025142A366BDD00E05F36 /* ChatResponse.swift in Sources */,
				E56C731F2A2D216D00532B3D /* AppDelegate.swift in Sources */,
				04163E042A326EC4003DF7B1 /* PasscodeView.swift in Sources */,
				EEB1A4912A312A5500F6899D /* HomeTabBarController.swift in Sources */,
				467B97062A30F8610012AB04 /* AlertType.swift in Sources */,
				0BA008812A34E89600040E43 /* UserDefaults+Extension.swift in Sources */,
				E56C73212A2D216D00532B3D /* SceneDelegate.swift in Sources */,
				0BE0F48D2A34DCF500D581CA /* GetUserRequest.swift in Sources */,
				0BE0F4892A34C51100D581CA /* VerifyOTPRequest.swift in Sources */,
				0BE0F4852A34B6D600D581CA /* NetworkService.swift in Sources */,
				467B97042A30F8610012AB04 /* Button.swift in Sources */,
				E5DBA5A12A34DE230032BD95 /* FIRDocument+Extension.swift in Sources */,
				E5DBA5A32A34E6620032BD95 /* AppError.swift in Sources */,
				E59025122A366B0700E05F36 /* UpdateLastMessageRequest.swift in Sources */,
				467B96FB2A30ABB10012AB04 /* User.swift in Sources */,
			);
			runOnlyForDeploymentPostprocessing = 0;
		};
/* End PBXSourcesBuildPhase section */

/* Begin PBXVariantGroup section */
		E56C73292A2D216F00532B3D /* LaunchScreen.storyboard */ = {
			isa = PBXVariantGroup;
			children = (
				E56C732A2A2D216F00532B3D /* Base */,
			);
			name = LaunchScreen.storyboard;
			sourceTree = "<group>";
		};
/* End PBXVariantGroup section */

/* Begin XCBuildConfiguration section */
		E56C732D2A2D216F00532B3D /* Debug */ = {
			isa = XCBuildConfiguration;
			buildSettings = {
				ALWAYS_SEARCH_USER_PATHS = NO;
				CLANG_ANALYZER_NONNULL = YES;
				CLANG_ANALYZER_NUMBER_OBJECT_CONVERSION = YES_AGGRESSIVE;
				CLANG_CXX_LANGUAGE_STANDARD = "gnu++20";
				CLANG_ENABLE_MODULES = YES;
				CLANG_ENABLE_OBJC_ARC = YES;
				CLANG_ENABLE_OBJC_WEAK = YES;
				CLANG_WARN_BLOCK_CAPTURE_AUTORELEASING = YES;
				CLANG_WARN_BOOL_CONVERSION = YES;
				CLANG_WARN_COMMA = YES;
				CLANG_WARN_CONSTANT_CONVERSION = YES;
				CLANG_WARN_DEPRECATED_OBJC_IMPLEMENTATIONS = YES;
				CLANG_WARN_DIRECT_OBJC_ISA_USAGE = YES_ERROR;
				CLANG_WARN_DOCUMENTATION_COMMENTS = YES;
				CLANG_WARN_EMPTY_BODY = YES;
				CLANG_WARN_ENUM_CONVERSION = YES;
				CLANG_WARN_INFINITE_RECURSION = YES;
				CLANG_WARN_INT_CONVERSION = YES;
				CLANG_WARN_NON_LITERAL_NULL_CONVERSION = YES;
				CLANG_WARN_OBJC_IMPLICIT_RETAIN_SELF = YES;
				CLANG_WARN_OBJC_LITERAL_CONVERSION = YES;
				CLANG_WARN_OBJC_ROOT_CLASS = YES_ERROR;
				CLANG_WARN_QUOTED_INCLUDE_IN_FRAMEWORK_HEADER = YES;
				CLANG_WARN_RANGE_LOOP_ANALYSIS = YES;
				CLANG_WARN_STRICT_PROTOTYPES = YES;
				CLANG_WARN_SUSPICIOUS_MOVE = YES;
				CLANG_WARN_UNGUARDED_AVAILABILITY = YES_AGGRESSIVE;
				CLANG_WARN_UNREACHABLE_CODE = YES;
				CLANG_WARN__DUPLICATE_METHOD_MATCH = YES;
				COPY_PHASE_STRIP = NO;
				DEBUG_INFORMATION_FORMAT = dwarf;
				ENABLE_STRICT_OBJC_MSGSEND = YES;
				ENABLE_TESTABILITY = YES;
				GCC_C_LANGUAGE_STANDARD = gnu11;
				GCC_DYNAMIC_NO_PIC = NO;
				GCC_NO_COMMON_BLOCKS = YES;
				GCC_OPTIMIZATION_LEVEL = 0;
				GCC_PREPROCESSOR_DEFINITIONS = (
					"DEBUG=1",
					"$(inherited)",
				);
				GCC_WARN_64_TO_32_BIT_CONVERSION = YES;
				GCC_WARN_ABOUT_RETURN_TYPE = YES_ERROR;
				GCC_WARN_UNDECLARED_SELECTOR = YES;
				GCC_WARN_UNINITIALIZED_AUTOS = YES_AGGRESSIVE;
				GCC_WARN_UNUSED_FUNCTION = YES;
				GCC_WARN_UNUSED_VARIABLE = YES;
				IPHONEOS_DEPLOYMENT_TARGET = 13.0;
				MTL_ENABLE_DEBUG_INFO = INCLUDE_SOURCE;
				MTL_FAST_MATH = YES;
				ONLY_ACTIVE_ARCH = YES;
				SDKROOT = iphoneos;
				SWIFT_ACTIVE_COMPILATION_CONDITIONS = DEBUG;
				SWIFT_OPTIMIZATION_LEVEL = "-Onone";
			};
			name = Debug;
		};
		E56C732E2A2D216F00532B3D /* Release */ = {
			isa = XCBuildConfiguration;
			buildSettings = {
				ALWAYS_SEARCH_USER_PATHS = NO;
				CLANG_ANALYZER_NONNULL = YES;
				CLANG_ANALYZER_NUMBER_OBJECT_CONVERSION = YES_AGGRESSIVE;
				CLANG_CXX_LANGUAGE_STANDARD = "gnu++20";
				CLANG_ENABLE_MODULES = YES;
				CLANG_ENABLE_OBJC_ARC = YES;
				CLANG_ENABLE_OBJC_WEAK = YES;
				CLANG_WARN_BLOCK_CAPTURE_AUTORELEASING = YES;
				CLANG_WARN_BOOL_CONVERSION = YES;
				CLANG_WARN_COMMA = YES;
				CLANG_WARN_CONSTANT_CONVERSION = YES;
				CLANG_WARN_DEPRECATED_OBJC_IMPLEMENTATIONS = YES;
				CLANG_WARN_DIRECT_OBJC_ISA_USAGE = YES_ERROR;
				CLANG_WARN_DOCUMENTATION_COMMENTS = YES;
				CLANG_WARN_EMPTY_BODY = YES;
				CLANG_WARN_ENUM_CONVERSION = YES;
				CLANG_WARN_INFINITE_RECURSION = YES;
				CLANG_WARN_INT_CONVERSION = YES;
				CLANG_WARN_NON_LITERAL_NULL_CONVERSION = YES;
				CLANG_WARN_OBJC_IMPLICIT_RETAIN_SELF = YES;
				CLANG_WARN_OBJC_LITERAL_CONVERSION = YES;
				CLANG_WARN_OBJC_ROOT_CLASS = YES_ERROR;
				CLANG_WARN_QUOTED_INCLUDE_IN_FRAMEWORK_HEADER = YES;
				CLANG_WARN_RANGE_LOOP_ANALYSIS = YES;
				CLANG_WARN_STRICT_PROTOTYPES = YES;
				CLANG_WARN_SUSPICIOUS_MOVE = YES;
				CLANG_WARN_UNGUARDED_AVAILABILITY = YES_AGGRESSIVE;
				CLANG_WARN_UNREACHABLE_CODE = YES;
				CLANG_WARN__DUPLICATE_METHOD_MATCH = YES;
				COPY_PHASE_STRIP = NO;
				DEBUG_INFORMATION_FORMAT = "dwarf-with-dsym";
				ENABLE_NS_ASSERTIONS = NO;
				ENABLE_STRICT_OBJC_MSGSEND = YES;
				GCC_C_LANGUAGE_STANDARD = gnu11;
				GCC_NO_COMMON_BLOCKS = YES;
				GCC_WARN_64_TO_32_BIT_CONVERSION = YES;
				GCC_WARN_ABOUT_RETURN_TYPE = YES_ERROR;
				GCC_WARN_UNDECLARED_SELECTOR = YES;
				GCC_WARN_UNINITIALIZED_AUTOS = YES_AGGRESSIVE;
				GCC_WARN_UNUSED_FUNCTION = YES;
				GCC_WARN_UNUSED_VARIABLE = YES;
				IPHONEOS_DEPLOYMENT_TARGET = 13.0;
				MTL_ENABLE_DEBUG_INFO = NO;
				MTL_FAST_MATH = YES;
				SDKROOT = iphoneos;
				SWIFT_COMPILATION_MODE = wholemodule;
				SWIFT_OPTIMIZATION_LEVEL = "-O";
				VALIDATE_PRODUCT = YES;
			};
			name = Release;
		};
		E56C73302A2D216F00532B3D /* Debug */ = {
			isa = XCBuildConfiguration;
			baseConfigurationReference = 529183B6341C55015C9D160F /* Pods-Chirp.debug.xcconfig */;
			buildSettings = {
				ASSETCATALOG_COMPILER_APPICON_NAME = AppIcon;
				ASSETCATALOG_COMPILER_GLOBAL_ACCENT_COLOR_NAME = AccentColor;
				CODE_SIGN_ENTITLEMENTS = Chirp/Chirp.entitlements;
				CODE_SIGN_STYLE = Automatic;
				CURRENT_PROJECT_VERSION = 1;
				DEVELOPMENT_TEAM = RT459C64W3;
				GENERATE_INFOPLIST_FILE = YES;
				INFOPLIST_FILE = Chirp/Info.plist;
				INFOPLIST_KEY_NSPhotoLibraryUsageDescription = "Please, allow permission to select photos to import to your profile";
				INFOPLIST_KEY_UIApplicationSupportsIndirectInputEvents = YES;
				INFOPLIST_KEY_UILaunchStoryboardName = LaunchScreen.storyboard;
				INFOPLIST_KEY_UISupportedInterfaceOrientations_iPad = "UIInterfaceOrientationPortrait UIInterfaceOrientationPortraitUpsideDown UIInterfaceOrientationLandscapeLeft UIInterfaceOrientationLandscapeRight";
				INFOPLIST_KEY_UISupportedInterfaceOrientations_iPhone = "UIInterfaceOrientationPortrait UIInterfaceOrientationLandscapeLeft UIInterfaceOrientationLandscapeRight";
				IPHONEOS_DEPLOYMENT_TARGET = 13.0;
				LD_RUNPATH_SEARCH_PATHS = (
					"$(inherited)",
					"@executable_path/Frameworks",
				);
				MARKETING_VERSION = 1.0;
				PRODUCT_BUNDLE_IDENTIFIER = com.macco.Chirp;
				PRODUCT_NAME = "$(TARGET_NAME)";
				SUPPORTED_PLATFORMS = "iphoneos iphonesimulator";
				SUPPORTS_MACCATALYST = NO;
				SUPPORTS_MAC_DESIGNED_FOR_IPHONE_IPAD = NO;
				SWIFT_EMIT_LOC_STRINGS = YES;
				SWIFT_VERSION = 5.0;
				TARGETED_DEVICE_FAMILY = 1;
			};
			name = Debug;
		};
		E56C73312A2D216F00532B3D /* Release */ = {
			isa = XCBuildConfiguration;
			baseConfigurationReference = B739D4B4B8974D1601276D8A /* Pods-Chirp.release.xcconfig */;
			buildSettings = {
				ASSETCATALOG_COMPILER_APPICON_NAME = AppIcon;
				ASSETCATALOG_COMPILER_GLOBAL_ACCENT_COLOR_NAME = AccentColor;
				CODE_SIGN_ENTITLEMENTS = Chirp/Chirp.entitlements;
				CODE_SIGN_STYLE = Automatic;
				CURRENT_PROJECT_VERSION = 1;
				DEVELOPMENT_TEAM = RT459C64W3;
				GENERATE_INFOPLIST_FILE = YES;
				INFOPLIST_FILE = Chirp/Info.plist;
				INFOPLIST_KEY_NSPhotoLibraryUsageDescription = "Please, allow permission to select photos to import to your profile";
				INFOPLIST_KEY_UIApplicationSupportsIndirectInputEvents = YES;
				INFOPLIST_KEY_UILaunchStoryboardName = LaunchScreen.storyboard;
				INFOPLIST_KEY_UISupportedInterfaceOrientations_iPad = "UIInterfaceOrientationPortrait UIInterfaceOrientationPortraitUpsideDown UIInterfaceOrientationLandscapeLeft UIInterfaceOrientationLandscapeRight";
				INFOPLIST_KEY_UISupportedInterfaceOrientations_iPhone = "UIInterfaceOrientationPortrait UIInterfaceOrientationLandscapeLeft UIInterfaceOrientationLandscapeRight";
				IPHONEOS_DEPLOYMENT_TARGET = 13.0;
				LD_RUNPATH_SEARCH_PATHS = (
					"$(inherited)",
					"@executable_path/Frameworks",
				);
				MARKETING_VERSION = 1.0;
				PRODUCT_BUNDLE_IDENTIFIER = com.macco.Chirp;
				PRODUCT_NAME = "$(TARGET_NAME)";
				SUPPORTED_PLATFORMS = "iphoneos iphonesimulator";
				SUPPORTS_MACCATALYST = NO;
				SUPPORTS_MAC_DESIGNED_FOR_IPHONE_IPAD = NO;
				SWIFT_EMIT_LOC_STRINGS = YES;
				SWIFT_VERSION = 5.0;
				TARGETED_DEVICE_FAMILY = 1;
			};
			name = Release;
		};
/* End XCBuildConfiguration section */

/* Begin XCConfigurationList section */
		E56C73162A2D216D00532B3D /* Build configuration list for PBXProject "Chirp" */ = {
			isa = XCConfigurationList;
			buildConfigurations = (
				E56C732D2A2D216F00532B3D /* Debug */,
				E56C732E2A2D216F00532B3D /* Release */,
			);
			defaultConfigurationIsVisible = 0;
			defaultConfigurationName = Release;
		};
		E56C732F2A2D216F00532B3D /* Build configuration list for PBXNativeTarget "Chirp" */ = {
			isa = XCConfigurationList;
			buildConfigurations = (
				E56C73302A2D216F00532B3D /* Debug */,
				E56C73312A2D216F00532B3D /* Release */,
			);
			defaultConfigurationIsVisible = 0;
			defaultConfigurationName = Release;
		};
/* End XCConfigurationList section */
	};
	rootObject = E56C73132A2D216D00532B3D /* Project object */;
}
